{
  "name": "@nightmaregaurav/swagger-endpoints-gen",
  "version": "0.0.28",
  "lockfileVersion": 3,
  "requires": true,
  "packages": {
    "": {
      "name": "@nightmaregaurav/swagger-endpoints-gen",
      "version": "0.0.28",
      "license": "GPL-3.0-or-later",
      "bin": {
        "generate-endpoints-from-swagger": "dist/bin/index.js"
      },
      "devDependencies": {
        "@types/node": "^18.11.18",
        "typescript": "^4.9.4"
      }
    },
    "node_modules/@types/node": {
      "version": "18.11.18",
      "dev": true,
      "license": "MIT"
    },
    "node_modules/typescript": {
      "version": "4.9.4",
      "dev": true,
      "license": "Apache-2.0",
      "bin": {
        "tsc": "bin/tsc",
        "tsserver": "bin/tsserver"
      },
      "engines": {
        "node": ">=4.2.0"
      }
    }
  }
}
